
Microsoft Visual Studio Solution File, Format Version 12.00
# Visual Studio Version 17
VisualStudioVersion = 17.1.32328.378
MinimumVisualStudioVersion = 10.0.40219.1
Project("{FAE04EC0-301F-11D3-BF4B-00C04F79EFBC}") = "Cryptography.Console", "Cryptography.Console\Cryptography.Console.csproj", "{AA9AD36B-1A3F-4BAC-B206-AFF36298F7C3}"
EndProject
Project("{FAE04EC0-301F-11D3-BF4B-00C04F79EFBC}") = "Cryptography", "Cryptography\Cryptography.csproj", "{A6EF288A-9280-4B1B-8FD2-4546EAD2DA79}"
EndProject
Global
	GlobalSection(SolutionConfigurationPlatforms) = preSolution
		Debug|Any CPU = Debug|Any CPU
		Release|Any CPU = Release|Any CPU
	EndGlobalSection
	GlobalSection(ProjectConfigurationPlatforms) = postSolution
		{AA9AD36B-1A3F-4BAC-B206-AFF36298F7C3}.Debug|Any CPU.ActiveCfg = Debug|Any CPU
		{AA9AD36B-1A3F-4BAC-B206-AFF36298F7C3}.Debug|Any CPU.Build.0 = Debug|Any CPU
		{AA9AD36B-1A3F-4BAC-B206-AFF36298F7C3}.Release|Any CPU.ActiveCfg = Release|Any CPU
		{AA9AD36B-1A3F-4BAC-B206-AFF36298F7C3}.Release|Any CPU.Build.0 = Release|Any CPU
		{A6EF288A-9280-4B1B-8FD2-4546EAD2DA79}.Debug|Any CPU.ActiveCfg = Debug|Any CPU
		{A6EF288A-9280-4B1B-8FD2-4546EAD2DA79}.Debug|Any CPU.Build.0 = Debug|Any CPU
		{A6EF288A-9280-4B1B-8FD2-4546EAD2DA79}.Release|Any CPU.ActiveCfg = Release|Any CPU
		{A6EF288A-9280-4B1B-8FD2-4546EAD2DA79}.Release|Any CPU.Build.0 = Release|Any CPU
	EndGlobalSection
	GlobalSection(SolutionProperties) = preSolution
		HideSolutionNode = FALSE
	EndGlobalSection
	GlobalSection(ExtensibilityGlobals) = postSolution
		SolutionGuid = {0D3BF891-BF77-4D40-B310-E12E4A0B9E72}
	EndGlobalSection
EndGlobal
